// !$*UTF8*$!
{
	archiveVersion = 1;
	classes = {
	};
	objectVersion = 46;
	objects = {

/* Begin PBXBuildFile section */
		6DD9B657EC9D196467DB1444 /* Pods_swift_twoTests.framework in Frameworks */ = {isa = PBXBuildFile; fileRef = 7AEB6D9B80EEC2B0C653920A /* Pods_swift_twoTests.framework */; };
		79A03BB7102F470B681EF0C6 /* Pods_swift_two.framework in Frameworks */ = {isa = PBXBuildFile; fileRef = B5B7F42554002C7550654011 /* Pods_swift_two.framework */; };
		8E18B1A61D14FDFE004AC6AD /* HYLoginViewModel.swift in Sources */ = {isa = PBXBuildFile; fileRef = 8E18B1A51D14FDFE004AC6AD /* HYLoginViewModel.swift */; };
		8E66BD1C1D16846F00EA3943 /* libicucore.tbd in Frameworks */ = {isa = PBXBuildFile; fileRef = 8E66BD1B1D16846F00EA3943 /* libicucore.tbd */; };
		8E66BD1E1D16847800EA3943 /* libz.tbd in Frameworks */ = {isa = PBXBuildFile; fileRef = 8E66BD1D1D16847800EA3943 /* libz.tbd */; };
		8E66BD201D16848100EA3943 /* libstdc++.tbd in Frameworks */ = {isa = PBXBuildFile; fileRef = 8E66BD1F1D16848100EA3943 /* libstdc++.tbd */; };
		8E66BD221D16849000EA3943 /* JavaScriptCore.framework in Frameworks */ = {isa = PBXBuildFile; fileRef = 8E66BD211D16849000EA3943 /* JavaScriptCore.framework */; };
		8E66BD241D1684AC00EA3943 /* ImageIO.framework in Frameworks */ = {isa = PBXBuildFile; fileRef = 8E66BD231D1684AC00EA3943 /* ImageIO.framework */; };
		8E66BD261D1684B400EA3943 /* libsqlite3.tbd in Frameworks */ = {isa = PBXBuildFile; fileRef = 8E66BD251D1684B400EA3943 /* libsqlite3.tbd */; };
		8E66BD281D1684D200EA3943 /* MessageUI.framework in Frameworks */ = {isa = PBXBuildFile; fileRef = 8E66BD271D1684D200EA3943 /* MessageUI.framework */; };
		8E75A0811D14510600C97654 /* AppDelegate.swift in Sources */ = {isa = PBXBuildFile; fileRef = 8E75A0801D14510600C97654 /* AppDelegate.swift */; };
		8E75A0881D14510600C97654 /* Assets.xcassets in Resources */ = {isa = PBXBuildFile; fileRef = 8E75A0871D14510600C97654 /* Assets.xcassets */; };
		8E75A08B1D14510600C97654 /* LaunchScreen.storyboard in Resources */ = {isa = PBXBuildFile; fileRef = 8E75A0891D14510600C97654 /* LaunchScreen.storyboard */; };
		8E75A0961D14510600C97654 /* swift_twoTests.swift in Sources */ = {isa = PBXBuildFile; fileRef = 8E75A0951D14510600C97654 /* swift_twoTests.swift */; };
		8E75A0A11D14510600C97654 /* swift_twoUITests.swift in Sources */ = {isa = PBXBuildFile; fileRef = 8E75A0A01D14510600C97654 /* swift_twoUITests.swift */; };
		8E75A0C11D145C9E00C97654 /* HYDiscoverVC.swift in Sources */ = {isa = PBXBuildFile; fileRef = 8E75A0C01D145C9E00C97654 /* HYDiscoverVC.swift */; };
		8E75A0C21D145C9E00C97654 /* HYDiscoverVC.swift in Sources */ = {isa = PBXBuildFile; fileRef = 8E75A0C01D145C9E00C97654 /* HYDiscoverVC.swift */; };
		8E75A0C31D145C9E00C97654 /* HYDiscoverVC.swift in Sources */ = {isa = PBXBuildFile; fileRef = 8E75A0C01D145C9E00C97654 /* HYDiscoverVC.swift */; };
		8E75A0C51D145CAF00C97654 /* HYAccountTool.swift in Sources */ = {isa = PBXBuildFile; fileRef = 8E75A0C41D145CAF00C97654 /* HYAccountTool.swift */; };
		8E75A0C61D145CAF00C97654 /* HYAccountTool.swift in Sources */ = {isa = PBXBuildFile; fileRef = 8E75A0C41D145CAF00C97654 /* HYAccountTool.swift */; };
		8E75A0C71D145CAF00C97654 /* HYAccountTool.swift in Sources */ = {isa = PBXBuildFile; fileRef = 8E75A0C41D145CAF00C97654 /* HYAccountTool.swift */; };
		8E75A0C91D145CBB00C97654 /* HYHomeVC.swift in Sources */ = {isa = PBXBuildFile; fileRef = 8E75A0C81D145CBB00C97654 /* HYHomeVC.swift */; };
		8E75A0CA1D145CBB00C97654 /* HYHomeVC.swift in Sources */ = {isa = PBXBuildFile; fileRef = 8E75A0C81D145CBB00C97654 /* HYHomeVC.swift */; };
		8E75A0CB1D145CBB00C97654 /* HYHomeVC.swift in Sources */ = {isa = PBXBuildFile; fileRef = 8E75A0C81D145CBB00C97654 /* HYHomeVC.swift */; };
		8E75A0CD1D145CCD00C97654 /* HYTabbarViewController.swift in Sources */ = {isa = PBXBuildFile; fileRef = 8E75A0CC1D145CCD00C97654 /* HYTabbarViewController.swift */; };
		8E75A0CE1D145CCD00C97654 /* HYTabbarViewController.swift in Sources */ = {isa = PBXBuildFile; fileRef = 8E75A0CC1D145CCD00C97654 /* HYTabbarViewController.swift */; };
		8E75A0CF1D145CCD00C97654 /* HYTabbarViewController.swift in Sources */ = {isa = PBXBuildFile; fileRef = 8E75A0CC1D145CCD00C97654 /* HYTabbarViewController.swift */; };
		8E75A0D11D145CD300C97654 /* HYNavigationViewController.swift in Sources */ = {isa = PBXBuildFile; fileRef = 8E75A0D01D145CD300C97654 /* HYNavigationViewController.swift */; };
		8E75A0D21D145CD300C97654 /* HYNavigationViewController.swift in Sources */ = {isa = PBXBuildFile; fileRef = 8E75A0D01D145CD300C97654 /* HYNavigationViewController.swift */; };
		8E75A0D31D145CD300C97654 /* HYNavigationViewController.swift in Sources */ = {isa = PBXBuildFile; fileRef = 8E75A0D01D145CD300C97654 /* HYNavigationViewController.swift */; };
		8E75A0D51D145CE000C97654 /* HYTabBar.swift in Sources */ = {isa = PBXBuildFile; fileRef = 8E75A0D41D145CE000C97654 /* HYTabBar.swift */; };
		8E75A0D61D145CE000C97654 /* HYTabBar.swift in Sources */ = {isa = PBXBuildFile; fileRef = 8E75A0D41D145CE000C97654 /* HYTabBar.swift */; };
		8E75A0D71D145CE000C97654 /* HYTabBar.swift in Sources */ = {isa = PBXBuildFile; fileRef = 8E75A0D41D145CE000C97654 /* HYTabBar.swift */; };
		8E75A0D91D145CEE00C97654 /* Global.swift in Sources */ = {isa = PBXBuildFile; fileRef = 8E75A0D81D145CEE00C97654 /* Global.swift */; };
		8E75A0DA1D145CEE00C97654 /* Global.swift in Sources */ = {isa = PBXBuildFile; fileRef = 8E75A0D81D145CEE00C97654 /* Global.swift */; };
		8E75A0DB1D145CEE00C97654 /* Global.swift in Sources */ = {isa = PBXBuildFile; fileRef = 8E75A0D81D145CEE00C97654 /* Global.swift */; };
		8E75A0DD1D145CFC00C97654 /* HYBaseTableViewController.swift in Sources */ = {isa = PBXBuildFile; fileRef = 8E75A0DC1D145CFC00C97654 /* HYBaseTableViewController.swift */; };
		8E75A0DE1D145CFC00C97654 /* HYBaseTableViewController.swift in Sources */ = {isa = PBXBuildFile; fileRef = 8E75A0DC1D145CFC00C97654 /* HYBaseTableViewController.swift */; };
		8E75A0DF1D145CFC00C97654 /* HYBaseTableViewController.swift in Sources */ = {isa = PBXBuildFile; fileRef = 8E75A0DC1D145CFC00C97654 /* HYBaseTableViewController.swift */; };
		8E75A0E11D145D0900C97654 /* HYVistorView.swift in Sources */ = {isa = PBXBuildFile; fileRef = 8E75A0E01D145D0900C97654 /* HYVistorView.swift */; };
		8E75A0E21D145D0900C97654 /* HYVistorView.swift in Sources */ = {isa = PBXBuildFile; fileRef = 8E75A0E01D145D0900C97654 /* HYVistorView.swift */; };
		8E75A0E31D145D0900C97654 /* HYVistorView.swift in Sources */ = {isa = PBXBuildFile; fileRef = 8E75A0E01D145D0900C97654 /* HYVistorView.swift */; };
		8E75A0E51D145D1100C97654 /* HYMessageVC.swift in Sources */ = {isa = PBXBuildFile; fileRef = 8E75A0E41D145D1100C97654 /* HYMessageVC.swift */; };
		8E75A0E61D145D1100C97654 /* HYMessageVC.swift in Sources */ = {isa = PBXBuildFile; fileRef = 8E75A0E41D145D1100C97654 /* HYMessageVC.swift */; };
		8E75A0E71D145D1100C97654 /* HYMessageVC.swift in Sources */ = {isa = PBXBuildFile; fileRef = 8E75A0E41D145D1100C97654 /* HYMessageVC.swift */; };
		8E75A0E91D145D1700C97654 /* HYNewFeatureViewController.swift in Sources */ = {isa = PBXBuildFile; fileRef = 8E75A0E81D145D1700C97654 /* HYNewFeatureViewController.swift */; };
		8E75A0EA1D145D1700C97654 /* HYNewFeatureViewController.swift in Sources */ = {isa = PBXBuildFile; fileRef = 8E75A0E81D145D1700C97654 /* HYNewFeatureViewController.swift */; };
		8E75A0EB1D145D1700C97654 /* HYNewFeatureViewController.swift in Sources */ = {isa = PBXBuildFile; fileRef = 8E75A0E81D145D1700C97654 /* HYNewFeatureViewController.swift */; };
		8E75A0ED1D145D2300C97654 /* HYOAuthViewController.swift in Sources */ = {isa = PBXBuildFile; fileRef = 8E75A0EC1D145D2300C97654 /* HYOAuthViewController.swift */; };
		8E75A0EE1D145D2300C97654 /* HYOAuthViewController.swift in Sources */ = {isa = PBXBuildFile; fileRef = 8E75A0EC1D145D2300C97654 /* HYOAuthViewController.swift */; };
		8E75A0EF1D145D2300C97654 /* HYOAuthViewController.swift in Sources */ = {isa = PBXBuildFile; fileRef = 8E75A0EC1D145D2300C97654 /* HYOAuthViewController.swift */; };
		8E75A0F11D145D2F00C97654 /* HYAccessTokenModel.swift in Sources */ = {isa = PBXBuildFile; fileRef = 8E75A0F01D145D2F00C97654 /* HYAccessTokenModel.swift */; };
		8E75A0F21D145D2F00C97654 /* HYAccessTokenModel.swift in Sources */ = {isa = PBXBuildFile; fileRef = 8E75A0F01D145D2F00C97654 /* HYAccessTokenModel.swift */; };
		8E75A0F31D145D2F00C97654 /* HYAccessTokenModel.swift in Sources */ = {isa = PBXBuildFile; fileRef = 8E75A0F01D145D2F00C97654 /* HYAccessTokenModel.swift */; };
		8E75A0F51D145D3500C97654 /* HYProfileVC.swift in Sources */ = {isa = PBXBuildFile; fileRef = 8E75A0F41D145D3500C97654 /* HYProfileVC.swift */; };
		8E75A0F61D145D3500C97654 /* HYProfileVC.swift in Sources */ = {isa = PBXBuildFile; fileRef = 8E75A0F41D145D3500C97654 /* HYProfileVC.swift */; };
		8E75A0F71D145D3500C97654 /* HYProfileVC.swift in Sources */ = {isa = PBXBuildFile; fileRef = 8E75A0F41D145D3500C97654 /* HYProfileVC.swift */; };
		8E75A0F91D145F6200C97654 /* HYAccountViewModel.swift in Sources */ = {isa = PBXBuildFile; fileRef = 8E75A0F81D145F6200C97654 /* HYAccountViewModel.swift */; };
		8E75A0FA1D145F6200C97654 /* HYAccountViewModel.swift in Sources */ = {isa = PBXBuildFile; fileRef = 8E75A0F81D145F6200C97654 /* HYAccountViewModel.swift */; };
		8E75A0FB1D145F6200C97654 /* HYAccountViewModel.swift in Sources */ = {isa = PBXBuildFile; fileRef = 8E75A0F81D145F6200C97654 /* HYAccountViewModel.swift */; };
		8E75A0FD1D14655500C97654 /* HYLoginViewController.swift in Sources */ = {isa = PBXBuildFile; fileRef = 8E75A0FC1D14655500C97654 /* HYLoginViewController.swift */; };
		8E75A0FE1D14655500C97654 /* HYLoginViewController.swift in Sources */ = {isa = PBXBuildFile; fileRef = 8E75A0FC1D14655500C97654 /* HYLoginViewController.swift */; };
		8E75A0FF1D14655500C97654 /* HYLoginViewController.swift in Sources */ = {isa = PBXBuildFile; fileRef = 8E75A0FC1D14655500C97654 /* HYLoginViewController.swift */; };
		8EC7EFB21D16C7B9006D4845 /* ShareSDK.framework in Frameworks */ = {isa = PBXBuildFile; fileRef = 8EC7EF901D16C7B9006D4845 /* ShareSDK.framework */; };
		8EC7EFB31D16C7B9006D4845 /* ShareSDK.framework in Frameworks */ = {isa = PBXBuildFile; fileRef = 8EC7EF901D16C7B9006D4845 /* ShareSDK.framework */; };
		8EC7EFB41D16C7B9006D4845 /* ShareSDK.framework in Frameworks */ = {isa = PBXBuildFile; fileRef = 8EC7EF901D16C7B9006D4845 /* ShareSDK.framework */; };
		8EC7EFB51D16C7B9006D4845 /* ShareSDKExtension.framework in Frameworks */ = {isa = PBXBuildFile; fileRef = 8EC7EF931D16C7B9006D4845 /* ShareSDKExtension.framework */; };
		8EC7EFB61D16C7B9006D4845 /* ShareSDKExtension.framework in Frameworks */ = {isa = PBXBuildFile; fileRef = 8EC7EF931D16C7B9006D4845 /* ShareSDKExtension.framework */; };
		8EC7EFB71D16C7B9006D4845 /* ShareSDKExtension.framework in Frameworks */ = {isa = PBXBuildFile; fileRef = 8EC7EF931D16C7B9006D4845 /* ShareSDKExtension.framework */; };
		8EC7EFB81D16C7B9006D4845 /* ShareSDKUI.bundle in Resources */ = {isa = PBXBuildFile; fileRef = 8EC7EF941D16C7B9006D4845 /* ShareSDKUI.bundle */; };
		8EC7EFB91D16C7B9006D4845 /* ShareSDKUI.bundle in Resources */ = {isa = PBXBuildFile; fileRef = 8EC7EF941D16C7B9006D4845 /* ShareSDKUI.bundle */; };
		8EC7EFBA1D16C7B9006D4845 /* ShareSDKUI.bundle in Resources */ = {isa = PBXBuildFile; fileRef = 8EC7EF941D16C7B9006D4845 /* ShareSDKUI.bundle */; };
		8EC7EFBB1D16C7B9006D4845 /* ShareSDKUI.framework in Frameworks */ = {isa = PBXBuildFile; fileRef = 8EC7EF951D16C7B9006D4845 /* ShareSDKUI.framework */; };
		8EC7EFBC1D16C7B9006D4845 /* ShareSDKUI.framework in Frameworks */ = {isa = PBXBuildFile; fileRef = 8EC7EF951D16C7B9006D4845 /* ShareSDKUI.framework */; };
		8EC7EFBD1D16C7B9006D4845 /* ShareSDKUI.framework in Frameworks */ = {isa = PBXBuildFile; fileRef = 8EC7EF951D16C7B9006D4845 /* ShareSDKUI.framework */; };
		8EC7EFBE1D16C7B9006D4845 /* TencentOpenAPI.framework in Frameworks */ = {isa = PBXBuildFile; fileRef = 8EC7EF981D16C7B9006D4845 /* TencentOpenAPI.framework */; };
		8EC7EFBF1D16C7B9006D4845 /* TencentOpenAPI.framework in Frameworks */ = {isa = PBXBuildFile; fileRef = 8EC7EF981D16C7B9006D4845 /* TencentOpenAPI.framework */; };
		8EC7EFC01D16C7B9006D4845 /* TencentOpenAPI.framework in Frameworks */ = {isa = PBXBuildFile; fileRef = 8EC7EF981D16C7B9006D4845 /* TencentOpenAPI.framework */; };
		8EC7EFC11D16C7B9006D4845 /* TencentOpenApi_IOS_Bundle.bundle in Resources */ = {isa = PBXBuildFile; fileRef = 8EC7EF991D16C7B9006D4845 /* TencentOpenApi_IOS_Bundle.bundle */; };
		8EC7EFC21D16C7B9006D4845 /* TencentOpenApi_IOS_Bundle.bundle in Resources */ = {isa = PBXBuildFile; fileRef = 8EC7EF991D16C7B9006D4845 /* TencentOpenApi_IOS_Bundle.bundle */; };
		8EC7EFC31D16C7B9006D4845 /* TencentOpenApi_IOS_Bundle.bundle in Resources */ = {isa = PBXBuildFile; fileRef = 8EC7EF991D16C7B9006D4845 /* TencentOpenApi_IOS_Bundle.bundle */; };
		8EC7EFC41D16C7B9006D4845 /* libWeiboSDK.a in Frameworks */ = {isa = PBXBuildFile; fileRef = 8EC7EF9B1D16C7B9006D4845 /* libWeiboSDK.a */; };
		8EC7EFC51D16C7B9006D4845 /* libWeiboSDK.a in Frameworks */ = {isa = PBXBuildFile; fileRef = 8EC7EF9B1D16C7B9006D4845 /* libWeiboSDK.a */; };
		8EC7EFC61D16C7B9006D4845 /* libWeiboSDK.a in Frameworks */ = {isa = PBXBuildFile; fileRef = 8EC7EF9B1D16C7B9006D4845 /* libWeiboSDK.a */; };
		8EC7EFC71D16C7B9006D4845 /* WeiboSDK.bundle in Resources */ = {isa = PBXBuildFile; fileRef = 8EC7EFA51D16C7B9006D4845 /* WeiboSDK.bundle */; };
		8EC7EFC81D16C7B9006D4845 /* WeiboSDK.bundle in Resources */ = {isa = PBXBuildFile; fileRef = 8EC7EFA51D16C7B9006D4845 /* WeiboSDK.bundle */; };
		8EC7EFC91D16C7B9006D4845 /* WeiboSDK.bundle in Resources */ = {isa = PBXBuildFile; fileRef = 8EC7EFA51D16C7B9006D4845 /* WeiboSDK.bundle */; };
		8EC7EFCA1D16C7B9006D4845 /* libWeChatSDK.a in Frameworks */ = {isa = PBXBuildFile; fileRef = 8EC7EFA91D16C7B9006D4845 /* libWeChatSDK.a */; };
		8EC7EFCB1D16C7B9006D4845 /* libWeChatSDK.a in Frameworks */ = {isa = PBXBuildFile; fileRef = 8EC7EFA91D16C7B9006D4845 /* libWeChatSDK.a */; };
		8EC7EFCC1D16C7B9006D4845 /* libWeChatSDK.a in Frameworks */ = {isa = PBXBuildFile; fileRef = 8EC7EFA91D16C7B9006D4845 /* libWeChatSDK.a */; };
		8EC7EFCD1D16C7B9006D4845 /* README.txt in Resources */ = {isa = PBXBuildFile; fileRef = 8EC7EFAA1D16C7B9006D4845 /* README.txt */; };
		8EC7EFCE1D16C7B9006D4845 /* README.txt in Resources */ = {isa = PBXBuildFile; fileRef = 8EC7EFAA1D16C7B9006D4845 /* README.txt */; };
		8EC7EFCF1D16C7B9006D4845 /* README.txt in Resources */ = {isa = PBXBuildFile; fileRef = 8EC7EFAA1D16C7B9006D4845 /* README.txt */; };
		8EC7EFD01D16C7B9006D4845 /* MOBFoundation.framework in Frameworks */ = {isa = PBXBuildFile; fileRef = 8EC7EFAF1D16C7B9006D4845 /* MOBFoundation.framework */; };
		8EC7EFD11D16C7B9006D4845 /* MOBFoundation.framework in Frameworks */ = {isa = PBXBuildFile; fileRef = 8EC7EFAF1D16C7B9006D4845 /* MOBFoundation.framework */; };
		8EC7EFD21D16C7B9006D4845 /* MOBFoundation.framework in Frameworks */ = {isa = PBXBuildFile; fileRef = 8EC7EFAF1D16C7B9006D4845 /* MOBFoundation.framework */; };
		8EC7EFD31D16C7B9006D4845 /* ShareSDK.bundle in Resources */ = {isa = PBXBuildFile; fileRef = 8EC7EFB01D16C7B9006D4845 /* ShareSDK.bundle */; };
		8EC7EFD41D16C7B9006D4845 /* ShareSDK.bundle in Resources */ = {isa = PBXBuildFile; fileRef = 8EC7EFB01D16C7B9006D4845 /* ShareSDK.bundle */; };
		8EC7EFD51D16C7B9006D4845 /* ShareSDK.bundle in Resources */ = {isa = PBXBuildFile; fileRef = 8EC7EFB01D16C7B9006D4845 /* ShareSDK.bundle */; };
		8EC7EFD61D16C7B9006D4845 /* ShareSDKConnector.framework in Frameworks */ = {isa = PBXBuildFile; fileRef = 8EC7EFB11D16C7B9006D4845 /* ShareSDKConnector.framework */; };
		8EC7EFD71D16C7B9006D4845 /* ShareSDKConnector.framework in Frameworks */ = {isa = PBXBuildFile; fileRef = 8EC7EFB11D16C7B9006D4845 /* ShareSDKConnector.framework */; };
		8EC7EFD81D16C7B9006D4845 /* ShareSDKConnector.framework in Frameworks */ = {isa = PBXBuildFile; fileRef = 8EC7EFB11D16C7B9006D4845 /* ShareSDKConnector.framework */; };
		8EE030DE1D16F82900C94AB2 /* MOBFoundation.framework in Frameworks */ = {isa = PBXBuildFile; fileRef = 8EE030DC1D16F82900C94AB2 /* MOBFoundation.framework */; };
		8EE030DF1D16F82900C94AB2 /* MOBFoundation.framework in Frameworks */ = {isa = PBXBuildFile; fileRef = 8EE030DC1D16F82900C94AB2 /* MOBFoundation.framework */; };
		8EE030E01D16F82900C94AB2 /* MOBFoundation.framework in Frameworks */ = {isa = PBXBuildFile; fileRef = 8EE030DC1D16F82900C94AB2 /* MOBFoundation.framework */; };
		8EE030E11D16F82900C94AB2 /* SMS_SDK.framework in Frameworks */ = {isa = PBXBuildFile; fileRef = 8EE030DD1D16F82900C94AB2 /* SMS_SDK.framework */; };
		8EE030E21D16F82900C94AB2 /* SMS_SDK.framework in Frameworks */ = {isa = PBXBuildFile; fileRef = 8EE030DD1D16F82900C94AB2 /* SMS_SDK.framework */; };
		8EE030E31D16F82900C94AB2 /* SMS_SDK.framework in Frameworks */ = {isa = PBXBuildFile; fileRef = 8EE030DD1D16F82900C94AB2 /* SMS_SDK.framework */; };
		92757E75712E54EACCD10EC8 /* Pods_swift_twoUITests.framework in Frameworks */ = {isa = PBXBuildFile; fileRef = 6AD345D2FBE18526973B05DB /* Pods_swift_twoUITests.framework */; };
/* End PBXBuildFile section */

/* Begin PBXContainerItemProxy section */
		8E75A0921D14510600C97654 /* PBXContainerItemProxy */ = {
			isa = PBXContainerItemProxy;
			containerPortal = 8E75A0751D14510600C97654 /* Project object */;
			proxyType = 1;
			remoteGlobalIDString = 8E75A07C1D14510600C97654;
			remoteInfo = swift_two;
		};
		8E75A09D1D14510600C97654 /* PBXContainerItemProxy */ = {
			isa = PBXContainerItemProxy;
			containerPortal = 8E75A0751D14510600C97654 /* Project object */;
			proxyType = 1;
			remoteGlobalIDString = 8E75A07C1D14510600C97654;
			remoteInfo = swift_two;
		};
/* End PBXContainerItemProxy section */

/* Begin PBXFileReference section */
		0A1D10CEBC8B411257781F63 /* Pods-swift_twoUITests.release.xcconfig */ = {isa = PBXFileReference; includeInIndex = 1; lastKnownFileType = text.xcconfig; name = "Pods-swift_twoUITests.release.xcconfig"; path = "Pods/Target Support Files/Pods-swift_twoUITests/Pods-swift_twoUITests.release.xcconfig"; sourceTree = "<group>"; };
		6AD345D2FBE18526973B05DB /* Pods_swift_twoUITests.framework */ = {isa = PBXFileReference; explicitFileType = wrapper.framework; includeInIndex = 0; path = Pods_swift_twoUITests.framework; sourceTree = BUILT_PRODUCTS_DIR; };
		6E72770140DB08048E6B3D54 /* Pods-swift_twoTests.release.xcconfig */ = {isa = PBXFileReference; includeInIndex = 1; lastKnownFileType = text.xcconfig; name = "Pods-swift_twoTests.release.xcconfig"; path = "Pods/Target Support Files/Pods-swift_twoTests/Pods-swift_twoTests.release.xcconfig"; sourceTree = "<group>"; };
		7AEB6D9B80EEC2B0C653920A /* Pods_swift_twoTests.framework */ = {isa = PBXFileReference; explicitFileType = wrapper.framework; includeInIndex = 0; path = Pods_swift_twoTests.framework; sourceTree = BUILT_PRODUCTS_DIR; };
		849293A16D6FDC2877C78D5D /* Pods-swift_twoUITests.debug.xcconfig */ = {isa = PBXFileReference; includeInIndex = 1; lastKnownFileType = text.xcconfig; name = "Pods-swift_twoUITests.debug.xcconfig"; path = "Pods/Target Support Files/Pods-swift_twoUITests/Pods-swift_twoUITests.debug.xcconfig"; sourceTree = "<group>"; };
		8E18B1A51D14FDFE004AC6AD /* HYLoginViewModel.swift */ = {isa = PBXFileReference; fileEncoding = 4; lastKnownFileType = sourcecode.swift; path = HYLoginViewModel.swift; sourceTree = "<group>"; };
		8E66BD1B1D16846F00EA3943 /* libicucore.tbd */ = {isa = PBXFileReference; lastKnownFileType = "sourcecode.text-based-dylib-definition"; name = libicucore.tbd; path = usr/lib/libicucore.tbd; sourceTree = SDKROOT; };
		8E66BD1D1D16847800EA3943 /* libz.tbd */ = {isa = PBXFileReference; lastKnownFileType = "sourcecode.text-based-dylib-definition"; name = libz.tbd; path = usr/lib/libz.tbd; sourceTree = SDKROOT; };
		8E66BD1F1D16848100EA3943 /* libstdc++.tbd */ = {isa = PBXFileReference; lastKnownFileType = "sourcecode.text-based-dylib-definition"; name = "libstdc++.tbd"; path = "usr/lib/libstdc++.tbd"; sourceTree = SDKROOT; };
		8E66BD211D16849000EA3943 /* JavaScriptCore.framework */ = {isa = PBXFileReference; lastKnownFileType = wrapper.framework; name = JavaScriptCore.framework; path = System/Library/Frameworks/JavaScriptCore.framework; sourceTree = SDKROOT; };
		8E66BD231D1684AC00EA3943 /* ImageIO.framework */ = {isa = PBXFileReference; lastKnownFileType = wrapper.framework; name = ImageIO.framework; path = System/Library/Frameworks/ImageIO.framework; sourceTree = SDKROOT; };
		8E66BD251D1684B400EA3943 /* libsqlite3.tbd */ = {isa = PBXFileReference; lastKnownFileType = "sourcecode.text-based-dylib-definition"; name = libsqlite3.tbd; path = usr/lib/libsqlite3.tbd; sourceTree = SDKROOT; };
		8E66BD271D1684D200EA3943 /* MessageUI.framework */ = {isa = PBXFileReference; lastKnownFileType = wrapper.framework; name = MessageUI.framework; path = System/Library/Frameworks/MessageUI.framework; sourceTree = SDKROOT; };
		8E66BD7C1D16887200EA3943 /* ShareSDK-Bridging-Header.h */ = {isa = PBXFileReference; fileEncoding = 4; lastKnownFileType = sourcecode.c.h; path = "ShareSDK-Bridging-Header.h"; sourceTree = "<group>"; };
		8E75A07D1D14510600C97654 /* swift_two.app */ = {isa = PBXFileReference; explicitFileType = wrapper.application; includeInIndex = 0; path = swift_two.app; sourceTree = BUILT_PRODUCTS_DIR; };
		8E75A0801D14510600C97654 /* AppDelegate.swift */ = {isa = PBXFileReference; lastKnownFileType = sourcecode.swift; path = AppDelegate.swift; sourceTree = "<group>"; };
		8E75A0871D14510600C97654 /* Assets.xcassets */ = {isa = PBXFileReference; lastKnownFileType = folder.assetcatalog; path = Assets.xcassets; sourceTree = "<group>"; };
		8E75A08A1D14510600C97654 /* Base */ = {isa = PBXFileReference; lastKnownFileType = file.storyboard; name = Base; path = Base.lproj/LaunchScreen.storyboard; sourceTree = "<group>"; };
		8E75A08C1D14510600C97654 /* Info.plist */ = {isa = PBXFileReference; lastKnownFileType = text.plist.xml; path = Info.plist; sourceTree = "<group>"; };
		8E75A0911D14510600C97654 /* swift_twoTests.xctest */ = {isa = PBXFileReference; explicitFileType = wrapper.cfbundle; includeInIndex = 0; path = swift_twoTests.xctest; sourceTree = BUILT_PRODUCTS_DIR; };
		8E75A0951D14510600C97654 /* swift_twoTests.swift */ = {isa = PBXFileReference; lastKnownFileType = sourcecode.swift; path = swift_twoTests.swift; sourceTree = "<group>"; };
		8E75A0971D14510600C97654 /* Info.plist */ = {isa = PBXFileReference; lastKnownFileType = text.plist.xml; path = Info.plist; sourceTree = "<group>"; };
		8E75A09C1D14510600C97654 /* swift_twoUITests.xctest */ = {isa = PBXFileReference; explicitFileType = wrapper.cfbundle; includeInIndex = 0; path = swift_twoUITests.xctest; sourceTree = BUILT_PRODUCTS_DIR; };
		8E75A0A01D14510600C97654 /* swift_twoUITests.swift */ = {isa = PBXFileReference; lastKnownFileType = sourcecode.swift; path = swift_twoUITests.swift; sourceTree = "<group>"; };
		8E75A0A21D14510600C97654 /* Info.plist */ = {isa = PBXFileReference; lastKnownFileType = text.plist.xml; path = Info.plist; sourceTree = "<group>"; };
		8E75A0C01D145C9E00C97654 /* HYDiscoverVC.swift */ = {isa = PBXFileReference; fileEncoding = 4; lastKnownFileType = sourcecode.swift; path = HYDiscoverVC.swift; sourceTree = "<group>"; };
		8E75A0C41D145CAF00C97654 /* HYAccountTool.swift */ = {isa = PBXFileReference; fileEncoding = 4; lastKnownFileType = sourcecode.swift; path = HYAccountTool.swift; sourceTree = "<group>"; };
		8E75A0C81D145CBB00C97654 /* HYHomeVC.swift */ = {isa = PBXFileReference; fileEncoding = 4; lastKnownFileType = sourcecode.swift; path = HYHomeVC.swift; sourceTree = "<group>"; };
		8E75A0CC1D145CCD00C97654 /* HYTabbarViewController.swift */ = {isa = PBXFileReference; fileEncoding = 4; lastKnownFileType = sourcecode.swift; path = HYTabbarViewController.swift; sourceTree = "<group>"; };
		8E75A0D01D145CD300C97654 /* HYNavigationViewController.swift */ = {isa = PBXFileReference; fileEncoding = 4; lastKnownFileType = sourcecode.swift; path = HYNavigationViewController.swift; sourceTree = "<group>"; };
		8E75A0D41D145CE000C97654 /* HYTabBar.swift */ = {isa = PBXFileReference; fileEncoding = 4; lastKnownFileType = sourcecode.swift; path = HYTabBar.swift; sourceTree = "<group>"; };
		8E75A0D81D145CEE00C97654 /* Global.swift */ = {isa = PBXFileReference; fileEncoding = 4; lastKnownFileType = sourcecode.swift; path = Global.swift; sourceTree = "<group>"; };
		8E75A0DC1D145CFC00C97654 /* HYBaseTableViewController.swift */ = {isa = PBXFileReference; fileEncoding = 4; lastKnownFileType = sourcecode.swift; path = HYBaseTableViewController.swift; sourceTree = "<group>"; };
		8E75A0E01D145D0900C97654 /* HYVistorView.swift */ = {isa = PBXFileReference; fileEncoding = 4; lastKnownFileType = sourcecode.swift; path = HYVistorView.swift; sourceTree = "<group>"; };
		8E75A0E41D145D1100C97654 /* HYMessageVC.swift */ = {isa = PBXFileReference; fileEncoding = 4; lastKnownFileType = sourcecode.swift; path = HYMessageVC.swift; sourceTree = "<group>"; };
		8E75A0E81D145D1700C97654 /* HYNewFeatureViewController.swift */ = {isa = PBXFileReference; fileEncoding = 4; lastKnownFileType = sourcecode.swift; path = HYNewFeatureViewController.swift; sourceTree = "<group>"; };
		8E75A0EC1D145D2300C97654 /* HYOAuthViewController.swift */ = {isa = PBXFileReference; fileEncoding = 4; lastKnownFileType = sourcecode.swift; path = HYOAuthViewController.swift; sourceTree = "<group>"; };
		8E75A0F01D145D2F00C97654 /* HYAccessTokenModel.swift */ = {isa = PBXFileReference; fileEncoding = 4; lastKnownFileType = sourcecode.swift; path = HYAccessTokenModel.swift; sourceTree = "<group>"; };
		8E75A0F41D145D3500C97654 /* HYProfileVC.swift */ = {isa = PBXFileReference; fileEncoding = 4; lastKnownFileType = sourcecode.swift; path = HYProfileVC.swift; sourceTree = "<group>"; };
		8E75A0F81D145F6200C97654 /* HYAccountViewModel.swift */ = {isa = PBXFileReference; fileEncoding = 4; lastKnownFileType = sourcecode.swift; path = HYAccountViewModel.swift; sourceTree = "<group>"; };
		8E75A0FC1D14655500C97654 /* HYLoginViewController.swift */ = {isa = PBXFileReference; fileEncoding = 4; lastKnownFileType = sourcecode.swift; path = HYLoginViewController.swift; sourceTree = "<group>"; };
		8EC7EF901D16C7B9006D4845 /* ShareSDK.framework */ = {isa = PBXFileReference; lastKnownFileType = wrapper.framework; path = ShareSDK.framework; sourceTree = "<group>"; };
		8EC7EF931D16C7B9006D4845 /* ShareSDKExtension.framework */ = {isa = PBXFileReference; lastKnownFileType = wrapper.framework; path = ShareSDKExtension.framework; sourceTree = "<group>"; };
		8EC7EF941D16C7B9006D4845 /* ShareSDKUI.bundle */ = {isa = PBXFileReference; lastKnownFileType = "wrapper.plug-in"; path = ShareSDKUI.bundle; sourceTree = "<group>"; };
		8EC7EF951D16C7B9006D4845 /* ShareSDKUI.framework */ = {isa = PBXFileReference; lastKnownFileType = wrapper.framework; path = ShareSDKUI.framework; sourceTree = "<group>"; };
		8EC7EF981D16C7B9006D4845 /* TencentOpenAPI.framework */ = {isa = PBXFileReference; lastKnownFileType = wrapper.framework; path = TencentOpenAPI.framework; sourceTree = "<group>"; };
		8EC7EF991D16C7B9006D4845 /* TencentOpenApi_IOS_Bundle.bundle */ = {isa = PBXFileReference; lastKnownFileType = "wrapper.plug-in"; path = TencentOpenApi_IOS_Bundle.bundle; sourceTree = "<group>"; };
		8EC7EF9B1D16C7B9006D4845 /* libWeiboSDK.a */ = {isa = PBXFileReference; lastKnownFileType = archive.ar; path = libWeiboSDK.a; sourceTree = "<group>"; };
		8EC7EF9C1D16C7B9006D4845 /* WBHttpRequest+WeiboGame.h */ = {isa = PBXFileReference; fileEncoding = 4; lastKnownFileType = sourcecode.c.h; path = "WBHttpRequest+WeiboGame.h"; sourceTree = "<group>"; };
		8EC7EF9D1D16C7B9006D4845 /* WBHttpRequest+WeiboShare.h */ = {isa = PBXFileReference; fileEncoding = 4; lastKnownFileType = sourcecode.c.h; path = "WBHttpRequest+WeiboShare.h"; sourceTree = "<group>"; };
		8EC7EF9E1D16C7B9006D4845 /* WBHttpRequest+WeiboToken.h */ = {isa = PBXFileReference; fileEncoding = 4; lastKnownFileType = sourcecode.c.h; path = "WBHttpRequest+WeiboToken.h"; sourceTree = "<group>"; };
		8EC7EF9F1D16C7B9006D4845 /* WBHttpRequest+WeiboUser.h */ = {isa = PBXFileReference; fileEncoding = 4; lastKnownFileType = sourcecode.c.h; path = "WBHttpRequest+WeiboUser.h"; sourceTree = "<group>"; };
		8EC7EFA01D16C7B9006D4845 /* WBHttpRequest.h */ = {isa = PBXFileReference; fileEncoding = 4; lastKnownFileType = sourcecode.c.h; path = WBHttpRequest.h; sourceTree = "<group>"; };
		8EC7EFA11D16C7B9006D4845 /* WBSDKBasicButton.h */ = {isa = PBXFileReference; fileEncoding = 4; lastKnownFileType = sourcecode.c.h; path = WBSDKBasicButton.h; sourceTree = "<group>"; };
		8EC7EFA21D16C7B9006D4845 /* WBSDKCommentButton.h */ = {isa = PBXFileReference; fileEncoding = 4; lastKnownFileType = sourcecode.c.h; path = WBSDKCommentButton.h; sourceTree = "<group>"; };
		8EC7EFA31D16C7B9006D4845 /* WBSDKRelationshipButton.h */ = {isa = PBXFileReference; fileEncoding = 4; lastKnownFileType = sourcecode.c.h; path = WBSDKRelationshipButton.h; sourceTree = "<group>"; };
		8EC7EFA41D16C7B9006D4845 /* WeiboSDK+Statistics.h */ = {isa = PBXFileReference; fileEncoding = 4; lastKnownFileType = sourcecode.c.h; path = "WeiboSDK+Statistics.h"; sourceTree = "<group>"; };
		8EC7EFA51D16C7B9006D4845 /* WeiboSDK.bundle */ = {isa = PBXFileReference; lastKnownFileType = "wrapper.plug-in"; path = WeiboSDK.bundle; sourceTree = "<group>"; };
		8EC7EFA61D16C7B9006D4845 /* WeiboSDK.h */ = {isa = PBXFileReference; fileEncoding = 4; lastKnownFileType = sourcecode.c.h; path = WeiboSDK.h; sourceTree = "<group>"; };
		8EC7EFA71D16C7B9006D4845 /* WeiboUser.h */ = {isa = PBXFileReference; fileEncoding = 4; lastKnownFileType = sourcecode.c.h; path = WeiboUser.h; sourceTree = "<group>"; };
		8EC7EFA91D16C7B9006D4845 /* libWeChatSDK.a */ = {isa = PBXFileReference; lastKnownFileType = archive.ar; path = libWeChatSDK.a; sourceTree = "<group>"; };
		8EC7EFAA1D16C7B9006D4845 /* README.txt */ = {isa = PBXFileReference; fileEncoding = 4; lastKnownFileType = text; path = README.txt; sourceTree = "<group>"; };
		8EC7EFAB1D16C7B9006D4845 /* WechatAuthSDK.h */ = {isa = PBXFileReference; fileEncoding = 4; lastKnownFileType = sourcecode.c.h; path = WechatAuthSDK.h; sourceTree = "<group>"; };
		8EC7EFAC1D16C7B9006D4845 /* WXApi.h */ = {isa = PBXFileReference; fileEncoding = 4; lastKnownFileType = sourcecode.c.h; path = WXApi.h; sourceTree = "<group>"; };
		8EC7EFAD1D16C7B9006D4845 /* WXApiObject.h */ = {isa = PBXFileReference; fileEncoding = 4; lastKnownFileType = sourcecode.c.h; path = WXApiObject.h; sourceTree = "<group>"; };
		8EC7EFAF1D16C7B9006D4845 /* MOBFoundation.framework */ = {isa = PBXFileReference; lastKnownFileType = wrapper.framework; path = MOBFoundation.framework; sourceTree = "<group>"; };
		8EC7EFB01D16C7B9006D4845 /* ShareSDK.bundle */ = {isa = PBXFileReference; lastKnownFileType = "wrapper.plug-in"; path = ShareSDK.bundle; sourceTree = "<group>"; };
		8EC7EFB11D16C7B9006D4845 /* ShareSDKConnector.framework */ = {isa = PBXFileReference; lastKnownFileType = wrapper.framework; path = ShareSDKConnector.framework; sourceTree = "<group>"; };
		8EE030DC1D16F82900C94AB2 /* MOBFoundation.framework */ = {isa = PBXFileReference; lastKnownFileType = wrapper.framework; path = MOBFoundation.framework; sourceTree = "<group>"; };
		8EE030DD1D16F82900C94AB2 /* SMS_SDK.framework */ = {isa = PBXFileReference; lastKnownFileType = wrapper.framework; path = SMS_SDK.framework; sourceTree = "<group>"; };
		A9C09A485B8EDEC497BEC032 /* Pods-swift_twoTests.debug.xcconfig */ = {isa = PBXFileReference; includeInIndex = 1; lastKnownFileType = text.xcconfig; name = "Pods-swift_twoTests.debug.xcconfig"; path = "Pods/Target Support Files/Pods-swift_twoTests/Pods-swift_twoTests.debug.xcconfig"; sourceTree = "<group>"; };
		B5B7F42554002C7550654011 /* Pods_swift_two.framework */ = {isa = PBXFileReference; explicitFileType = wrapper.framework; includeInIndex = 0; path = Pods_swift_two.framework; sourceTree = BUILT_PRODUCTS_DIR; };
		D1AA5BB5040FF086392A37E6 /* Pods-swift_two.release.xcconfig */ = {isa = PBXFileReference; includeInIndex = 1; lastKnownFileType = text.xcconfig; name = "Pods-swift_two.release.xcconfig"; path = "Pods/Target Support Files/Pods-swift_two/Pods-swift_two.release.xcconfig"; sourceTree = "<group>"; };
		D298F2319925672DE56F2048 /* Pods-swift_two.debug.xcconfig */ = {isa = PBXFileReference; includeInIndex = 1; lastKnownFileType = text.xcconfig; name = "Pods-swift_two.debug.xcconfig"; path = "Pods/Target Support Files/Pods-swift_two/Pods-swift_two.debug.xcconfig"; sourceTree = "<group>"; };
/* End PBXFileReference section */

/* Begin PBXFrameworksBuildPhase section */
		8E75A07A1D14510600C97654 /* Frameworks */ = {
			isa = PBXFrameworksBuildPhase;
			buildActionMask = 2147483647;
			files = (
				8EC7EFCA1D16C7B9006D4845 /* libWeChatSDK.a in Frameworks */,
				8EC7EFBB1D16C7B9006D4845 /* ShareSDKUI.framework in Frameworks */,
				8EC7EFBE1D16C7B9006D4845 /* TencentOpenAPI.framework in Frameworks */,
				8EE030E11D16F82900C94AB2 /* SMS_SDK.framework in Frameworks */,
				8E66BD281D1684D200EA3943 /* MessageUI.framework in Frameworks */,
				8E66BD261D1684B400EA3943 /* libsqlite3.tbd in Frameworks */,
				8E66BD241D1684AC00EA3943 /* ImageIO.framework in Frameworks */,
				8E66BD221D16849000EA3943 /* JavaScriptCore.framework in Frameworks */,
				8EC7EFD61D16C7B9006D4845 /* ShareSDKConnector.framework in Frameworks */,
				8E66BD201D16848100EA3943 /* libstdc++.tbd in Frameworks */,
				8E66BD1E1D16847800EA3943 /* libz.tbd in Frameworks */,
				8EC7EFC41D16C7B9006D4845 /* libWeiboSDK.a in Frameworks */,
				8EC7EFB21D16C7B9006D4845 /* ShareSDK.framework in Frameworks */,
				8EC7EFB51D16C7B9006D4845 /* ShareSDKExtension.framework in Frameworks */,
				8EC7EFD01D16C7B9006D4845 /* MOBFoundation.framework in Frameworks */,
				8E66BD1C1D16846F00EA3943 /* libicucore.tbd in Frameworks */,
				8EE030DE1D16F82900C94AB2 /* MOBFoundation.framework in Frameworks */,
				79A03BB7102F470B681EF0C6 /* Pods_swift_two.framework in Frameworks */,
			);
			runOnlyForDeploymentPostprocessing = 0;
		};
		8E75A08E1D14510600C97654 /* Frameworks */ = {
			isa = PBXFrameworksBuildPhase;
			buildActionMask = 2147483647;
			files = (
				8EC7EFD11D16C7B9006D4845 /* MOBFoundation.framework in Frameworks */,
				8EE030E21D16F82900C94AB2 /* SMS_SDK.framework in Frameworks */,
				8EC7EFCB1D16C7B9006D4845 /* libWeChatSDK.a in Frameworks */,
				8EE030DF1D16F82900C94AB2 /* MOBFoundation.framework in Frameworks */,
				8EC7EFBF1D16C7B9006D4845 /* TencentOpenAPI.framework in Frameworks */,
				8EC7EFC51D16C7B9006D4845 /* libWeiboSDK.a in Frameworks */,
				6DD9B657EC9D196467DB1444 /* Pods_swift_twoTests.framework in Frameworks */,
				8EC7EFB31D16C7B9006D4845 /* ShareSDK.framework in Frameworks */,
				8EC7EFB61D16C7B9006D4845 /* ShareSDKExtension.framework in Frameworks */,
				8EC7EFD71D16C7B9006D4845 /* ShareSDKConnector.framework in Frameworks */,
				8EC7EFBC1D16C7B9006D4845 /* ShareSDKUI.framework in Frameworks */,
			);
			runOnlyForDeploymentPostprocessing = 0;
		};
		8E75A0991D14510600C97654 /* Frameworks */ = {
			isa = PBXFrameworksBuildPhase;
			buildActionMask = 2147483647;
			files = (
				8EC7EFD21D16C7B9006D4845 /* MOBFoundation.framework in Frameworks */,
				8EE030E31D16F82900C94AB2 /* SMS_SDK.framework in Frameworks */,
				8EC7EFCC1D16C7B9006D4845 /* libWeChatSDK.a in Frameworks */,
				8EE030E01D16F82900C94AB2 /* MOBFoundation.framework in Frameworks */,
				8EC7EFC01D16C7B9006D4845 /* TencentOpenAPI.framework in Frameworks */,
				8EC7EFC61D16C7B9006D4845 /* libWeiboSDK.a in Frameworks */,
				92757E75712E54EACCD10EC8 /* Pods_swift_twoUITests.framework in Frameworks */,
				8EC7EFB41D16C7B9006D4845 /* ShareSDK.framework in Frameworks */,
				8EC7EFB71D16C7B9006D4845 /* ShareSDKExtension.framework in Frameworks */,
				8EC7EFD81D16C7B9006D4845 /* ShareSDKConnector.framework in Frameworks */,
				8EC7EFBD1D16C7B9006D4845 /* ShareSDKUI.framework in Frameworks */,
			);
			runOnlyForDeploymentPostprocessing = 0;
		};
/* End PBXFrameworksBuildPhase section */

/* Begin PBXGroup section */
		37CFA035AD02B1142D9ED79B /* Frameworks */ = {
			isa = PBXGroup;
			children = (
				8E66BD271D1684D200EA3943 /* MessageUI.framework */,
				8E66BD251D1684B400EA3943 /* libsqlite3.tbd */,
				8E66BD231D1684AC00EA3943 /* ImageIO.framework */,
				8E66BD211D16849000EA3943 /* JavaScriptCore.framework */,
				8E66BD1F1D16848100EA3943 /* libstdc++.tbd */,
				8E66BD1D1D16847800EA3943 /* libz.tbd */,
				8E66BD1B1D16846F00EA3943 /* libicucore.tbd */,
				B5B7F42554002C7550654011 /* Pods_swift_two.framework */,
				7AEB6D9B80EEC2B0C653920A /* Pods_swift_twoTests.framework */,
				6AD345D2FBE18526973B05DB /* Pods_swift_twoUITests.framework */,
			);
			name = Frameworks;
			sourceTree = "<group>";
		};
		8E75A0741D14510600C97654 = {
			isa = PBXGroup;
			children = (
				8E66BD7C1D16887200EA3943 /* ShareSDK-Bridging-Header.h */,
				8E75A07F1D14510600C97654 /* swift_two */,
				8E75A0941D14510600C97654 /* swift_twoTests */,
				8E75A09F1D14510600C97654 /* swift_twoUITests */,
				8E75A07E1D14510600C97654 /* Products */,
				A624C3F9C06DAD0044F10D34 /* Pods */,
				37CFA035AD02B1142D9ED79B /* Frameworks */,
			);
			sourceTree = "<group>";
		};
		8E75A07E1D14510600C97654 /* Products */ = {
			isa = PBXGroup;
			children = (
				8E75A07D1D14510600C97654 /* swift_two.app */,
				8E75A0911D14510600C97654 /* swift_twoTests.xctest */,
				8E75A09C1D14510600C97654 /* swift_twoUITests.xctest */,
			);
			name = Products;
			sourceTree = "<group>";
		};
		8E75A07F1D14510600C97654 /* swift_two */ = {
			isa = PBXGroup;
			children = (
				8E75A0AE1D1457E800C97654 /* Classes */,
				8E75A0801D14510600C97654 /* AppDelegate.swift */,
				8E75A0871D14510600C97654 /* Assets.xcassets */,
				8E75A0891D14510600C97654 /* LaunchScreen.storyboard */,
				8E75A08C1D14510600C97654 /* Info.plist */,
			);
			path = swift_two;
			sourceTree = "<group>";
		};
		8E75A0941D14510600C97654 /* swift_twoTests */ = {
			isa = PBXGroup;
			children = (
				8E75A0951D14510600C97654 /* swift_twoTests.swift */,
				8E75A0971D14510600C97654 /* Info.plist */,
			);
			path = swift_twoTests;
			sourceTree = "<group>";
		};
		8E75A09F1D14510600C97654 /* swift_twoUITests */ = {
			isa = PBXGroup;
			children = (
				8E75A0A01D14510600C97654 /* swift_twoUITests.swift */,
				8E75A0A21D14510600C97654 /* Info.plist */,
			);
			path = swift_twoUITests;
			sourceTree = "<group>";
		};
		8E75A0AE1D1457E800C97654 /* Classes */ = {
			isa = PBXGroup;
			children = (
				8E75A0AF1D1457E800C97654 /* Model */,
				8E75A0B01D1457E800C97654 /* Others */,
				8E75A0B11D1457E800C97654 /* Tools */,
				8E75A0B21D1457E800C97654 /* View(controller) */,
				8E75A0BD1D1457E800C97654 /* ViewModel */,
			);
			path = Classes;
			sourceTree = "<group>";
		};
		8E75A0AF1D1457E800C97654 /* Model */ = {
			isa = PBXGroup;
			children = (
				8E75A0F01D145D2F00C97654 /* HYAccessTokenModel.swift */,
			);
			path = Model;
			sourceTree = "<group>";
		};
		8E75A0B01D1457E800C97654 /* Others */ = {
			isa = PBXGroup;
			children = (
				8EE030DB1D16F82900C94AB2 /* SMS_SDK */,
				8EC7EF8F1D16C7B9006D4845 /* ShareSDK */,
			);
			path = Others;
			sourceTree = "<group>";
		};
		8E75A0B11D1457E800C97654 /* Tools */ = {
			isa = PBXGroup;
			children = (
				8E75A0C41D145CAF00C97654 /* HYAccountTool.swift */,
				8E75A0D81D145CEE00C97654 /* Global.swift */,
			);
			path = Tools;
			sourceTree = "<group>";
		};
		8E75A0B21D1457E800C97654 /* View(controller) */ = {
			isa = PBXGroup;
			children = (
				8E75A0B31D1457E800C97654 /* Base */,
				8E75A0B41D1457E800C97654 /* Compose */,
				8E75A0B51D1457E800C97654 /* Discover */,
				8E75A0B61D1457E800C97654 /* Home */,
				8E75A0B71D1457E800C97654 /* Login */,
				8E75A0B81D1457E800C97654 /* Main */,
				8E75A0B91D1457E800C97654 /* Message */,
				8E75A0BA1D1457E800C97654 /* NewFeature */,
				8E75A0BB1D1457E800C97654 /* OAuth */,
				8E75A0BC1D1457E800C97654 /* Profile */,
			);
			path = "View(controller)";
			sourceTree = "<group>";
		};
		8E75A0B31D1457E800C97654 /* Base */ = {
			isa = PBXGroup;
			children = (
				8E75A0DC1D145CFC00C97654 /* HYBaseTableViewController.swift */,
				8E75A0E01D145D0900C97654 /* HYVistorView.swift */,
			);
			path = Base;
			sourceTree = "<group>";
		};
		8E75A0B41D1457E800C97654 /* Compose */ = {
			isa = PBXGroup;
			children = (
			);
			path = Compose;
			sourceTree = "<group>";
		};
		8E75A0B51D1457E800C97654 /* Discover */ = {
			isa = PBXGroup;
			children = (
				8E75A0C01D145C9E00C97654 /* HYDiscoverVC.swift */,
			);
			path = Discover;
			sourceTree = "<group>";
		};
		8E75A0B61D1457E800C97654 /* Home */ = {
			isa = PBXGroup;
			children = (
				8E75A0C81D145CBB00C97654 /* HYHomeVC.swift */,
			);
			path = Home;
			sourceTree = "<group>";
		};
		8E75A0B71D1457E800C97654 /* Login */ = {
			isa = PBXGroup;
			children = (
				8E75A0FC1D14655500C97654 /* HYLoginViewController.swift */,
			);
			path = Login;
			sourceTree = "<group>";
		};
		8E75A0B81D1457E800C97654 /* Main */ = {
			isa = PBXGroup;
			children = (
				8E75A0CC1D145CCD00C97654 /* HYTabbarViewController.swift */,
				8E75A0D01D145CD300C97654 /* HYNavigationViewController.swift */,
				8E75A0D41D145CE000C97654 /* HYTabBar.swift */,
			);
			path = Main;
			sourceTree = "<group>";
		};
		8E75A0B91D1457E800C97654 /* Message */ = {
			isa = PBXGroup;
			children = (
				8E75A0E41D145D1100C97654 /* HYMessageVC.swift */,
			);
			path = Message;
			sourceTree = "<group>";
		};
		8E75A0BA1D1457E800C97654 /* NewFeature */ = {
			isa = PBXGroup;
			children = (
				8E75A0E81D145D1700C97654 /* HYNewFeatureViewController.swift */,
			);
			path = NewFeature;
			sourceTree = "<group>";
		};
		8E75A0BB1D1457E800C97654 /* OAuth */ = {
			isa = PBXGroup;
			children = (
				8E75A0EC1D145D2300C97654 /* HYOAuthViewController.swift */,
			);
			path = OAuth;
			sourceTree = "<group>";
		};
		8E75A0BC1D1457E800C97654 /* Profile */ = {
			isa = PBXGroup;
			children = (
				8E75A0F41D145D3500C97654 /* HYProfileVC.swift */,
			);
			path = Profile;
			sourceTree = "<group>";
		};
		8E75A0BD1D1457E800C97654 /* ViewModel */ = {
			isa = PBXGroup;
			children = (
				8E75A0F81D145F6200C97654 /* HYAccountViewModel.swift */,
				8E18B1A51D14FDFE004AC6AD /* HYLoginViewModel.swift */,
			);
			path = ViewModel;
			sourceTree = "<group>";
		};
		8EC7EF8F1D16C7B9006D4845 /* ShareSDK */ = {
			isa = PBXGroup;
			children = (
				8EC7EF901D16C7B9006D4845 /* ShareSDK.framework */,
				8EC7EF911D16C7B9006D4845 /* Support */,
			);
			path = ShareSDK;
			sourceTree = "<group>";
		};
		8EC7EF911D16C7B9006D4845 /* Support */ = {
			isa = PBXGroup;
			children = (
				8EC7EF921D16C7B9006D4845 /* Optional */,
				8EC7EF961D16C7B9006D4845 /* PlatformSDK */,
				8EC7EFAE1D16C7B9006D4845 /* Required */,
			);
			path = Support;
			sourceTree = "<group>";
		};
		8EC7EF921D16C7B9006D4845 /* Optional */ = {
			isa = PBXGroup;
			children = (
				8EC7EF931D16C7B9006D4845 /* ShareSDKExtension.framework */,
				8EC7EF941D16C7B9006D4845 /* ShareSDKUI.bundle */,
				8EC7EF951D16C7B9006D4845 /* ShareSDKUI.framework */,
			);
			path = Optional;
			sourceTree = "<group>";
		};
		8EC7EF961D16C7B9006D4845 /* PlatformSDK */ = {
			isa = PBXGroup;
			children = (
				8EC7EF971D16C7B9006D4845 /* QQSDK */,
				8EC7EF9A1D16C7B9006D4845 /* SinaWeiboSDK */,
				8EC7EFA81D16C7B9006D4845 /* WeChatSDK */,
			);
			path = PlatformSDK;
			sourceTree = "<group>";
		};
		8EC7EF971D16C7B9006D4845 /* QQSDK */ = {
			isa = PBXGroup;
			children = (
				8EC7EF981D16C7B9006D4845 /* TencentOpenAPI.framework */,
				8EC7EF991D16C7B9006D4845 /* TencentOpenApi_IOS_Bundle.bundle */,
			);
			path = QQSDK;
			sourceTree = "<group>";
		};
		8EC7EF9A1D16C7B9006D4845 /* SinaWeiboSDK */ = {
			isa = PBXGroup;
			children = (
				8EC7EF9B1D16C7B9006D4845 /* libWeiboSDK.a */,
				8EC7EF9C1D16C7B9006D4845 /* WBHttpRequest+WeiboGame.h */,
				8EC7EF9D1D16C7B9006D4845 /* WBHttpRequest+WeiboShare.h */,
				8EC7EF9E1D16C7B9006D4845 /* WBHttpRequest+WeiboToken.h */,
				8EC7EF9F1D16C7B9006D4845 /* WBHttpRequest+WeiboUser.h */,
				8EC7EFA01D16C7B9006D4845 /* WBHttpRequest.h */,
				8EC7EFA11D16C7B9006D4845 /* WBSDKBasicButton.h */,
				8EC7EFA21D16C7B9006D4845 /* WBSDKCommentButton.h */,
				8EC7EFA31D16C7B9006D4845 /* WBSDKRelationshipButton.h */,
				8EC7EFA41D16C7B9006D4845 /* WeiboSDK+Statistics.h */,
				8EC7EFA51D16C7B9006D4845 /* WeiboSDK.bundle */,
				8EC7EFA61D16C7B9006D4845 /* WeiboSDK.h */,
				8EC7EFA71D16C7B9006D4845 /* WeiboUser.h */,
			);
			path = SinaWeiboSDK;
			sourceTree = "<group>";
		};
		8EC7EFA81D16C7B9006D4845 /* WeChatSDK */ = {
			isa = PBXGroup;
			children = (
				8EC7EFA91D16C7B9006D4845 /* libWeChatSDK.a */,
				8EC7EFAA1D16C7B9006D4845 /* README.txt */,
				8EC7EFAB1D16C7B9006D4845 /* WechatAuthSDK.h */,
				8EC7EFAC1D16C7B9006D4845 /* WXApi.h */,
				8EC7EFAD1D16C7B9006D4845 /* WXApiObject.h */,
			);
			path = WeChatSDK;
			sourceTree = "<group>";
		};
		8EC7EFAE1D16C7B9006D4845 /* Required */ = {
			isa = PBXGroup;
			children = (
				8EC7EFAF1D16C7B9006D4845 /* MOBFoundation.framework */,
				8EC7EFB01D16C7B9006D4845 /* ShareSDK.bundle */,
				8EC7EFB11D16C7B9006D4845 /* ShareSDKConnector.framework */,
			);
			path = Required;
			sourceTree = "<group>";
		};
		8EE030DB1D16F82900C94AB2 /* SMS_SDK */ = {
			isa = PBXGroup;
			children = (
				8EE030DC1D16F82900C94AB2 /* MOBFoundation.framework */,
				8EE030DD1D16F82900C94AB2 /* SMS_SDK.framework */,
			);
			path = SMS_SDK;
			sourceTree = "<group>";
		};
		A624C3F9C06DAD0044F10D34 /* Pods */ = {
			isa = PBXGroup;
			children = (
				D298F2319925672DE56F2048 /* Pods-swift_two.debug.xcconfig */,
				D1AA5BB5040FF086392A37E6 /* Pods-swift_two.release.xcconfig */,
				A9C09A485B8EDEC497BEC032 /* Pods-swift_twoTests.debug.xcconfig */,
				6E72770140DB08048E6B3D54 /* Pods-swift_twoTests.release.xcconfig */,
				849293A16D6FDC2877C78D5D /* Pods-swift_twoUITests.debug.xcconfig */,
				0A1D10CEBC8B411257781F63 /* Pods-swift_twoUITests.release.xcconfig */,
			);
			name = Pods;
			sourceTree = "<group>";
		};
/* End PBXGroup section */

/* Begin PBXNativeTarget section */
		8E75A07C1D14510600C97654 /* swift_two */ = {
			isa = PBXNativeTarget;
			buildConfigurationList = 8E75A0A51D14510600C97654 /* Build configuration list for PBXNativeTarget "swift_two" */;
			buildPhases = (
				3444332B21C61EB513BFFB3E /* [CP] Check Pods Manifest.lock */,
				8E75A0791D14510600C97654 /* Sources */,
				8E75A07A1D14510600C97654 /* Frameworks */,
				8E75A07B1D14510600C97654 /* Resources */,
				8D8CA96E52C255ACC10AD528 /* [CP] Embed Pods Frameworks */,
				0EE9C31CCE22D4C4FF82ACCC /* [CP] Copy Pods Resources */,
			);
			buildRules = (
			);
			dependencies = (
			);
			name = swift_two;
			productName = swift_two;
			productReference = 8E75A07D1D14510600C97654 /* swift_two.app */;
			productType = "com.apple.product-type.application";
		};
		8E75A0901D14510600C97654 /* swift_twoTests */ = {
			isa = PBXNativeTarget;
			buildConfigurationList = 8E75A0A81D14510600C97654 /* Build configuration list for PBXNativeTarget "swift_twoTests" */;
			buildPhases = (
				9FDF94E17A0C24C9E347ED0F /* [CP] Check Pods Manifest.lock */,
				8E75A08D1D14510600C97654 /* Sources */,
				8E75A08E1D14510600C97654 /* Frameworks */,
				8E75A08F1D14510600C97654 /* Resources */,
				9825215A59A2CDEA78389F03 /* [CP] Embed Pods Frameworks */,
				236DA0065A1E12483B32546C /* [CP] Copy Pods Resources */,
			);
			buildRules = (
			);
			dependencies = (
				8E75A0931D14510600C97654 /* PBXTargetDependency */,
			);
			name = swift_twoTests;
			productName = swift_twoTests;
			productReference = 8E75A0911D14510600C97654 /* swift_twoTests.xctest */;
			productType = "com.apple.product-type.bundle.unit-test";
		};
		8E75A09B1D14510600C97654 /* swift_twoUITests */ = {
			isa = PBXNativeTarget;
			buildConfigurationList = 8E75A0AB1D14510600C97654 /* Build configuration list for PBXNativeTarget "swift_twoUITests" */;
			buildPhases = (
				785CE7514B4D054D6F5DB215 /* [CP] Check Pods Manifest.lock */,
				8E75A0981D14510600C97654 /* Sources */,
				8E75A0991D14510600C97654 /* Frameworks */,
				8E75A09A1D14510600C97654 /* Resources */,
				C6441A3B8AA93BB7FDE3275D /* [CP] Copy Pods Resources */,
			);
			buildRules = (
			);
			dependencies = (
				8E75A09E1D14510600C97654 /* PBXTargetDependency */,
			);
			name = swift_twoUITests;
			productName = swift_twoUITests;
			productReference = 8E75A09C1D14510600C97654 /* swift_twoUITests.xctest */;
			productType = "com.apple.product-type.bundle.ui-testing";
		};
/* End PBXNativeTarget section */

/* Begin PBXProject section */
		8E75A0751D14510600C97654 /* Project object */ = {
			isa = PBXProject;
			attributes = {
				CLASSPREFIX = HY;
				LastSwiftUpdateCheck = 0720;
				LastUpgradeCheck = 0720;
				ORGANIZATIONNAME = ocean;
				TargetAttributes = {
					8E75A07C1D14510600C97654 = {
						CreatedOnToolsVersion = 7.2;
						DevelopmentTeam = 386L9D9QA6;
						SystemCapabilities = {
							com.apple.Push = {
								enabled = 1;
							};
						};
					};
					8E75A0901D14510600C97654 = {
						CreatedOnToolsVersion = 7.2;
						TestTargetID = 8E75A07C1D14510600C97654;
					};
					8E75A09B1D14510600C97654 = {
						CreatedOnToolsVersion = 7.2;
						TestTargetID = 8E75A07C1D14510600C97654;
					};
				};
			};
			buildConfigurationList = 8E75A0781D14510600C97654 /* Build configuration list for PBXProject "swift_two" */;
			compatibilityVersion = "Xcode 3.2";
			developmentRegion = English;
			hasScannedForEncodings = 0;
			knownRegions = (
				en,
				Base,
			);
			mainGroup = 8E75A0741D14510600C97654;
			productRefGroup = 8E75A07E1D14510600C97654 /* Products */;
			projectDirPath = "";
			projectRoot = "";
			targets = (
				8E75A07C1D14510600C97654 /* swift_two */,
				8E75A0901D14510600C97654 /* swift_twoTests */,
				8E75A09B1D14510600C97654 /* swift_twoUITests */,
			);
		};
/* End PBXProject section */

/* Begin PBXResourcesBuildPhase section */
		8E75A07B1D14510600C97654 /* Resources */ = {
			isa = PBXResourcesBuildPhase;
			buildActionMask = 2147483647;
			files = (
				8EC7EFC11D16C7B9006D4845 /* TencentOpenApi_IOS_Bundle.bundle in Resources */,
				8E75A08B1D14510600C97654 /* LaunchScreen.storyboard in Resources */,
				8EC7EFC71D16C7B9006D4845 /* WeiboSDK.bundle in Resources */,
				8EC7EFD31D16C7B9006D4845 /* ShareSDK.bundle in Resources */,
				8EC7EFB81D16C7B9006D4845 /* ShareSDKUI.bundle in Resources */,
				8EC7EFCD1D16C7B9006D4845 /* README.txt in Resources */,
				8E75A0881D14510600C97654 /* Assets.xcassets in Resources */,
			);
			runOnlyForDeploymentPostprocessing = 0;
		};
		8E75A08F1D14510600C97654 /* Resources */ = {
			isa = PBXResourcesBuildPhase;
			buildActionMask = 2147483647;
			files = (
				8EC7EFC21D16C7B9006D4845 /* TencentOpenApi_IOS_Bundle.bundle in Resources */,
				8EC7EFD41D16C7B9006D4845 /* ShareSDK.bundle in Resources */,
				8EC7EFB91D16C7B9006D4845 /* ShareSDKUI.bundle in Resources */,
				8EC7EFCE1D16C7B9006D4845 /* README.txt in Resources */,
				8EC7EFC81D16C7B9006D4845 /* WeiboSDK.bundle in Resources */,
			);
			runOnlyForDeploymentPostprocessing = 0;
		};
		8E75A09A1D14510600C97654 /* Resources */ = {
			isa = PBXResourcesBuildPhase;
			buildActionMask = 2147483647;
			files = (
				8EC7EFC31D16C7B9006D4845 /* TencentOpenApi_IOS_Bundle.bundle in Resources */,
				8EC7EFD51D16C7B9006D4845 /* ShareSDK.bundle in Resources */,
				8EC7EFBA1D16C7B9006D4845 /* ShareSDKUI.bundle in Resources */,
				8EC7EFCF1D16C7B9006D4845 /* README.txt in Resources */,
				8EC7EFC91D16C7B9006D4845 /* WeiboSDK.bundle in Resources */,
			);
			runOnlyForDeploymentPostprocessing = 0;
		};
/* End PBXResourcesBuildPhase section */

/* Begin PBXShellScriptBuildPhase section */
		0EE9C31CCE22D4C4FF82ACCC /* [CP] Copy Pods Resources */ = {
			isa = PBXShellScriptBuildPhase;
			buildActionMask = 2147483647;
			files = (
			);
			inputPaths = (
			);
			name = "[CP] Copy Pods Resources";
			outputPaths = (
			);
			runOnlyForDeploymentPostprocessing = 0;
			shellPath = /bin/sh;
			shellScript = "\"${SRCROOT}/Pods/Target Support Files/Pods-swift_two/Pods-swift_two-resources.sh\"\n";
			showEnvVarsInLog = 0;
		};
		236DA0065A1E12483B32546C /* [CP] Copy Pods Resources */ = {
			isa = PBXShellScriptBuildPhase;
			buildActionMask = 2147483647;
			files = (
			);
			inputPaths = (
			);
			name = "[CP] Copy Pods Resources";
			outputPaths = (
			);
			runOnlyForDeploymentPostprocessing = 0;
			shellPath = /bin/sh;
			shellScript = "\"${SRCROOT}/Pods/Target Support Files/Pods-swift_twoTests/Pods-swift_twoTests-resources.sh\"\n";
			showEnvVarsInLog = 0;
		};
		3444332B21C61EB513BFFB3E /* [CP] Check Pods Manifest.lock */ = {
			isa = PBXShellScriptBuildPhase;
			buildActionMask = 2147483647;
			files = (
			);
			inputPaths = (
			);
			name = "[CP] Check Pods Manifest.lock";
			outputPaths = (
			);
			runOnlyForDeploymentPostprocessing = 0;
			shellPath = /bin/sh;
			shellScript = "diff \"${PODS_ROOT}/../Podfile.lock\" \"${PODS_ROOT}/Manifest.lock\" > /dev/null\nif [[ $? != 0 ]] ; then\n    cat << EOM\nerror: The sandbox is not in sync with the Podfile.lock. Run 'pod install' or update your CocoaPods installation.\nEOM\n    exit 1\nfi\n";
			showEnvVarsInLog = 0;
		};
		785CE7514B4D054D6F5DB215 /* [CP] Check Pods Manifest.lock */ = {
			isa = PBXShellScriptBuildPhase;
			buildActionMask = 2147483647;
			files = (
			);
			inputPaths = (
			);
			name = "[CP] Check Pods Manifest.lock";
			outputPaths = (
			);
			runOnlyForDeploymentPostprocessing = 0;
			shellPath = /bin/sh;
			shellScript = "diff \"${PODS_ROOT}/../Podfile.lock\" \"${PODS_ROOT}/Manifest.lock\" > /dev/null\nif [[ $? != 0 ]] ; then\n    cat << EOM\nerror: The sandbox is not in sync with the Podfile.lock. Run 'pod install' or update your CocoaPods installation.\nEOM\n    exit 1\nfi\n";
			showEnvVarsInLog = 0;
		};
		8D8CA96E52C255ACC10AD528 /* [CP] Embed Pods Frameworks */ = {
			isa = PBXShellScriptBuildPhase;
			buildActionMask = 2147483647;
			files = (
			);
			inputPaths = (
			);
			name = "[CP] Embed Pods Frameworks";
			outputPaths = (
			);
			runOnlyForDeploymentPostprocessing = 0;
			shellPath = /bin/sh;
			shellScript = "\"${SRCROOT}/Pods/Target Support Files/Pods-swift_two/Pods-swift_two-frameworks.sh\"\n";
			showEnvVarsInLog = 0;
		};
		9825215A59A2CDEA78389F03 /* [CP] Embed Pods Frameworks */ = {
			isa = PBXShellScriptBuildPhase;
			buildActionMask = 2147483647;
			files = (
			);
			inputPaths = (
			);
			name = "[CP] Embed Pods Frameworks";
			outputPaths = (
			);
			runOnlyForDeploymentPostprocessing = 0;
			shellPath = /bin/sh;
			shellScript = "\"${SRCROOT}/Pods/Target Support Files/Pods-swift_twoTests/Pods-swift_twoTests-frameworks.sh\"\n";
			showEnvVarsInLog = 0;
		};
		9FDF94E17A0C24C9E347ED0F /* [CP] Check Pods Manifest.lock */ = {
			isa = PBXShellScriptBuildPhase;
			buildActionMask = 2147483647;
			files = (
			);
			inputPaths = (
			);
			name = "[CP] Check Pods Manifest.lock";
			outputPaths = (
			);
			runOnlyForDeploymentPostprocessing = 0;
			shellPath = /bin/sh;
			shellScript = "diff \"${PODS_ROOT}/../Podfile.lock\" \"${PODS_ROOT}/Manifest.lock\" > /dev/null\nif [[ $? != 0 ]] ; then\n    cat << EOM\nerror: The sandbox is not in sync with the Podfile.lock. Run 'pod install' or update your CocoaPods installation.\nEOM\n    exit 1\nfi\n";
			showEnvVarsInLog = 0;
		};
		C6441A3B8AA93BB7FDE3275D /* [CP] Copy Pods Resources */ = {
			isa = PBXShellScriptBuildPhase;
			buildActionMask = 2147483647;
			files = (
			);
			inputPaths = (
			);
			name = "[CP] Copy Pods Resources";
			outputPaths = (
			);
			runOnlyForDeploymentPostprocessing = 0;
			shellPath = /bin/sh;
			shellScript = "\"${SRCROOT}/Pods/Target Support Files/Pods-swift_twoUITests/Pods-swift_twoUITests-resources.sh\"\n";
			showEnvVarsInLog = 0;
		};
/* End PBXShellScriptBuildPhase section */

/* Begin PBXSourcesBuildPhase section */
		8E75A0791D14510600C97654 /* Sources */ = {
			isa = PBXSourcesBuildPhase;
			buildActionMask = 2147483647;
			files = (
				8E75A0F11D145D2F00C97654 /* HYAccessTokenModel.swift in Sources */,
				8E75A0D91D145CEE00C97654 /* Global.swift in Sources */,
				8E75A0C91D145CBB00C97654 /* HYHomeVC.swift in Sources */,
				8E75A0F51D145D3500C97654 /* HYProfileVC.swift in Sources */,
				8E75A0E91D145D1700C97654 /* HYNewFeatureViewController.swift in Sources */,
				8E18B1A61D14FDFE004AC6AD /* HYLoginViewModel.swift in Sources */,
				8E75A0E11D145D0900C97654 /* HYVistorView.swift in Sources */,
				8E75A0C51D145CAF00C97654 /* HYAccountTool.swift in Sources */,
				8E75A0D11D145CD300C97654 /* HYNavigationViewController.swift in Sources */,
				8E75A0ED1D145D2300C97654 /* HYOAuthViewController.swift in Sources */,
				8E75A0C11D145C9E00C97654 /* HYDiscoverVC.swift in Sources */,
				8E75A0E51D145D1100C97654 /* HYMessageVC.swift in Sources */,
				8E75A0CD1D145CCD00C97654 /* HYTabbarViewController.swift in Sources */,
				8E75A0FD1D14655500C97654 /* HYLoginViewController.swift in Sources */,
				8E75A0811D14510600C97654 /* AppDelegate.swift in Sources */,
				8E75A0F91D145F6200C97654 /* HYAccountViewModel.swift in Sources */,
				8E75A0D51D145CE000C97654 /* HYTabBar.swift in Sources */,
				8E75A0DD1D145CFC00C97654 /* HYBaseTableViewController.swift in Sources */,
			);
			runOnlyForDeploymentPostprocessing = 0;
		};
		8E75A08D1D14510600C97654 /* Sources */ = {
			isa = PBXSourcesBuildPhase;
			buildActionMask = 2147483647;
			files = (
				8E75A0F21D145D2F00C97654 /* HYAccessTokenModel.swift in Sources */,
				8E75A0DA1D145CEE00C97654 /* Global.swift in Sources */,
				8E75A0CA1D145CBB00C97654 /* HYHomeVC.swift in Sources */,
				8E75A0F61D145D3500C97654 /* HYProfileVC.swift in Sources */,
				8E75A0EA1D145D1700C97654 /* HYNewFeatureViewController.swift in Sources */,
				8E75A0E21D145D0900C97654 /* HYVistorView.swift in Sources */,
				8E75A0C61D145CAF00C97654 /* HYAccountTool.swift in Sources */,
				8E75A0D21D145CD300C97654 /* HYNavigationViewController.swift in Sources */,
				8E75A0EE1D145D2300C97654 /* HYOAuthViewController.swift in Sources */,
				8E75A0C21D145C9E00C97654 /* HYDiscoverVC.swift in Sources */,
				8E75A0E61D145D1100C97654 /* HYMessageVC.swift in Sources */,
				8E75A0CE1D145CCD00C97654 /* HYTabbarViewController.swift in Sources */,
				8E75A0FE1D14655500C97654 /* HYLoginViewController.swift in Sources */,
				8E75A0961D14510600C97654 /* swift_twoTests.swift in Sources */,
				8E75A0FA1D145F6200C97654 /* HYAccountViewModel.swift in Sources */,
				8E75A0D61D145CE000C97654 /* HYTabBar.swift in Sources */,
				8E75A0DE1D145CFC00C97654 /* HYBaseTableViewController.swift in Sources */,
			);
			runOnlyForDeploymentPostprocessing = 0;
		};
		8E75A0981D14510600C97654 /* Sources */ = {
			isa = PBXSourcesBuildPhase;
			buildActionMask = 2147483647;
			files = (
				8E75A0F31D145D2F00C97654 /* HYAccessTokenModel.swift in Sources */,
				8E75A0DB1D145CEE00C97654 /* Global.swift in Sources */,
				8E75A0CB1D145CBB00C97654 /* HYHomeVC.swift in Sources */,
				8E75A0F71D145D3500C97654 /* HYProfileVC.swift in Sources */,
				8E75A0EB1D145D1700C97654 /* HYNewFeatureViewController.swift in Sources */,
				8E75A0E31D145D0900C97654 /* HYVistorView.swift in Sources */,
				8E75A0C71D145CAF00C97654 /* HYAccountTool.swift in Sources */,
				8E75A0D31D145CD300C97654 /* HYNavigationViewController.swift in Sources */,
				8E75A0EF1D145D2300C97654 /* HYOAuthViewController.swift in Sources */,
				8E75A0C31D145C9E00C97654 /* HYDiscoverVC.swift in Sources */,
				8E75A0E71D145D1100C97654 /* HYMessageVC.swift in Sources */,
				8E75A0CF1D145CCD00C97654 /* HYTabbarViewController.swift in Sources */,
				8E75A0FF1D14655500C97654 /* HYLoginViewController.swift in Sources */,
				8E75A0A11D14510600C97654 /* swift_twoUITests.swift in Sources */,
				8E75A0FB1D145F6200C97654 /* HYAccountViewModel.swift in Sources */,
				8E75A0D71D145CE000C97654 /* HYTabBar.swift in Sources */,
				8E75A0DF1D145CFC00C97654 /* HYBaseTableViewController.swift in Sources */,
			);
			runOnlyForDeploymentPostprocessing = 0;
		};
/* End PBXSourcesBuildPhase section */

/* Begin PBXTargetDependency section */
		8E75A0931D14510600C97654 /* PBXTargetDependency */ = {
			isa = PBXTargetDependency;
			target = 8E75A07C1D14510600C97654 /* swift_two */;
			targetProxy = 8E75A0921D14510600C97654 /* PBXContainerItemProxy */;
		};
		8E75A09E1D14510600C97654 /* PBXTargetDependency */ = {
			isa = PBXTargetDependency;
			target = 8E75A07C1D14510600C97654 /* swift_two */;
			targetProxy = 8E75A09D1D14510600C97654 /* PBXContainerItemProxy */;
		};
/* End PBXTargetDependency section */

/* Begin PBXVariantGroup section */
		8E75A0891D14510600C97654 /* LaunchScreen.storyboard */ = {
			isa = PBXVariantGroup;
			children = (
				8E75A08A1D14510600C97654 /* Base */,
			);
			name = LaunchScreen.storyboard;
			sourceTree = "<group>";
		};
/* End PBXVariantGroup section */

/* Begin XCBuildConfiguration section */
		8E75A0A31D14510600C97654 /* Debug */ = {
			isa = XCBuildConfiguration;
			buildSettings = {
				ALWAYS_SEARCH_USER_PATHS = NO;
				CLANG_CXX_LANGUAGE_STANDARD = "gnu++0x";
				CLANG_CXX_LIBRARY = "libc++";
				CLANG_ENABLE_MODULES = YES;
				CLANG_ENABLE_OBJC_ARC = YES;
				CLANG_WARN_BOOL_CONVERSION = YES;
				CLANG_WARN_CONSTANT_CONVERSION = YES;
				CLANG_WARN_DIRECT_OBJC_ISA_USAGE = YES_ERROR;
				CLANG_WARN_EMPTY_BODY = YES;
				CLANG_WARN_ENUM_CONVERSION = YES;
				CLANG_WARN_INT_CONVERSION = YES;
				CLANG_WARN_OBJC_ROOT_CLASS = YES_ERROR;
				CLANG_WARN_UNREACHABLE_CODE = YES;
				CLANG_WARN__DUPLICATE_METHOD_MATCH = YES;
				CODE_SIGN_IDENTITY = "iPhone Developer";
				"CODE_SIGN_IDENTITY[sdk=iphoneos*]" = "iPhone Developer";
				COPY_PHASE_STRIP = NO;
				DEBUG_INFORMATION_FORMAT = dwarf;
				ENABLE_BITCODE = YES;
				ENABLE_STRICT_OBJC_MSGSEND = YES;
				ENABLE_TESTABILITY = YES;
				GCC_C_LANGUAGE_STANDARD = gnu99;
				GCC_DYNAMIC_NO_PIC = NO;
				GCC_NO_COMMON_BLOCKS = YES;
				GCC_OPTIMIZATION_LEVEL = 0;
				GCC_PREPROCESSOR_DEFINITIONS = (
					"DEBUG=1",
					"$(inherited)",
				);
				GCC_WARN_64_TO_32_BIT_CONVERSION = YES;
				GCC_WARN_ABOUT_RETURN_TYPE = YES_ERROR;
				GCC_WARN_UNDECLARED_SELECTOR = YES;
				GCC_WARN_UNINITIALIZED_AUTOS = YES_AGGRESSIVE;
				GCC_WARN_UNUSED_FUNCTION = YES;
				GCC_WARN_UNUSED_VARIABLE = YES;
				IPHONEOS_DEPLOYMENT_TARGET = 9.2;
				MTL_ENABLE_DEBUG_INFO = YES;
				ONLY_ACTIVE_ARCH = YES;
				SDKROOT = iphoneos;
				SWIFT_OPTIMIZATION_LEVEL = "-Onone";
			};
			name = Debug;
		};
		8E75A0A41D14510600C97654 /* Release */ = {
			isa = XCBuildConfiguration;
			buildSettings = {
				ALWAYS_SEARCH_USER_PATHS = NO;
				CLANG_CXX_LANGUAGE_STANDARD = "gnu++0x";
				CLANG_CXX_LIBRARY = "libc++";
				CLANG_ENABLE_MODULES = YES;
				CLANG_ENABLE_OBJC_ARC = YES;
				CLANG_WARN_BOOL_CONVERSION = YES;
				CLANG_WARN_CONSTANT_CONVERSION = YES;
				CLANG_WARN_DIRECT_OBJC_ISA_USAGE = YES_ERROR;
				CLANG_WARN_EMPTY_BODY = YES;
				CLANG_WARN_ENUM_CONVERSION = YES;
				CLANG_WARN_INT_CONVERSION = YES;
				CLANG_WARN_OBJC_ROOT_CLASS = YES_ERROR;
				CLANG_WARN_UNREACHABLE_CODE = YES;
				CLANG_WARN__DUPLICATE_METHOD_MATCH = YES;
				CODE_SIGN_IDENTITY = "iPhone Developer";
				"CODE_SIGN_IDENTITY[sdk=iphoneos*]" = "iPhone Developer";
				COPY_PHASE_STRIP = NO;
				DEBUG_INFORMATION_FORMAT = "dwarf-with-dsym";
				ENABLE_BITCODE = YES;
				ENABLE_NS_ASSERTIONS = NO;
				ENABLE_STRICT_OBJC_MSGSEND = YES;
				GCC_C_LANGUAGE_STANDARD = gnu99;
				GCC_NO_COMMON_BLOCKS = YES;
				GCC_WARN_64_TO_32_BIT_CONVERSION = YES;
				GCC_WARN_ABOUT_RETURN_TYPE = YES_ERROR;
				GCC_WARN_UNDECLARED_SELECTOR = YES;
				GCC_WARN_UNINITIALIZED_AUTOS = YES_AGGRESSIVE;
				GCC_WARN_UNUSED_FUNCTION = YES;
				GCC_WARN_UNUSED_VARIABLE = YES;
				IPHONEOS_DEPLOYMENT_TARGET = 9.2;
				MTL_ENABLE_DEBUG_INFO = NO;
				SDKROOT = iphoneos;
				VALIDATE_PRODUCT = YES;
			};
			name = Release;
		};
		8E75A0A61D14510600C97654 /* Debug */ = {
			isa = XCBuildConfiguration;
			baseConfigurationReference = D298F2319925672DE56F2048 /* Pods-swift_two.debug.xcconfig */;
			buildSettings = {
				ASSETCATALOG_COMPILER_APPICON_NAME = AppIcon;
				ASSETCATALOG_COMPILER_LAUNCHIMAGE_NAME = "Brand Assets";
				CODE_SIGN_IDENTITY = "iPhone Developer";
				"CODE_SIGN_IDENTITY[sdk=iphoneos*]" = "iPhone Developer";
				FRAMEWORK_SEARCH_PATHS = (
					"$(inherited)",
					"$(PROJECT_DIR)/swift_two/Classes/Others/ShareSDK",
					"$(PROJECT_DIR)/swift_two/Classes/Others/ShareSDK/Support/Optional",
					"$(PROJECT_DIR)/swift_two/Classes/Others/ShareSDK/Support/PlatformSDK/QQSDK",
					"$(PROJECT_DIR)/swift_two/Classes/Others/ShareSDK/Support/PlatformSDK/RenRenSDK",
					"$(PROJECT_DIR)/swift_two/Classes/Others/ShareSDK/Support/Required",
					"$(PROJECT_DIR)/swift_two/Classes/Others/SMS_SDK",
				);
				INFOPLIST_FILE = swift_two/Info.plist;
				IPHONEOS_DEPLOYMENT_TARGET = 9.3;
				LD_RUNPATH_SEARCH_PATHS = "$(inherited) @executable_path/Frameworks";
				LIBRARY_SEARCH_PATHS = (
					"$(inherited)",
					"$(PROJECT_DIR)/swift_two/Classes/Others/ShareSDK/Support/PlatformSDK/SinaWeiboSDK",
					"$(PROJECT_DIR)/swift_two/Classes/Others/ShareSDK/Support/PlatformSDK/WeChatSDK",
				);
				OTHER_LDFLAGS = (
					"$(inherited)",
					"-framework",
					"\"AFNetworking\"",
					"-framework",
					"\"MJExtension\"",
					"-framework",
					"\"Masonry\"",
					"-framework",
					"\"SDWebImage\"",
					"-framework",
					"\"SVProgressHUD\"",
					"-all_load",
				);
				PRODUCT_BUNDLE_IDENTIFIER = demo11111;
				PRODUCT_NAME = "$(TARGET_NAME)";
				PROVISIONING_PROFILE = "";
				SWIFT_OBJC_BRIDGING_HEADER = "ShareSDK-Bridging-Header.h";
				VALID_ARCHS = "arm64 armv7 armv7s";
			};
			name = Debug;
		};
		8E75A0A71D14510600C97654 /* Release */ = {
			isa = XCBuildConfiguration;
			baseConfigurationReference = D1AA5BB5040FF086392A37E6 /* Pods-swift_two.release.xcconfig */;
			buildSettings = {
				ASSETCATALOG_COMPILER_APPICON_NAME = AppIcon;
				ASSETCATALOG_COMPILER_LAUNCHIMAGE_NAME = "Brand Assets";
				CODE_SIGN_IDENTITY = "iPhone Developer";
				"CODE_SIGN_IDENTITY[sdk=iphoneos*]" = "iPhone Developer";
				FRAMEWORK_SEARCH_PATHS = (
					"$(inherited)",
					"$(PROJECT_DIR)/swift_two/Classes/Others/ShareSDK",
					"$(PROJECT_DIR)/swift_two/Classes/Others/ShareSDK/Support/Optional",
					"$(PROJECT_DIR)/swift_two/Classes/Others/ShareSDK/Support/PlatformSDK/QQSDK",
					"$(PROJECT_DIR)/swift_two/Classes/Others/ShareSDK/Support/PlatformSDK/RenRenSDK",
					"$(PROJECT_DIR)/swift_two/Classes/Others/ShareSDK/Support/Required",
					"$(PROJECT_DIR)/swift_two/Classes/Others/SMS_SDK",
				);
				INFOPLIST_FILE = swift_two/Info.plist;
				IPHONEOS_DEPLOYMENT_TARGET = 9.3;
				LD_RUNPATH_SEARCH_PATHS = "$(inherited) @executable_path/Frameworks";
				LIBRARY_SEARCH_PATHS = (
					"$(inherited)",
					"$(PROJECT_DIR)/swift_two/Classes/Others/ShareSDK/Support/PlatformSDK/SinaWeiboSDK",
					"$(PROJECT_DIR)/swift_two/Classes/Others/ShareSDK/Support/PlatformSDK/WeChatSDK",
				);
				OTHER_LDFLAGS = (
					"$(inherited)",
					"-framework",
					"\"AFNetworking\"",
					"-framework",
					"\"MJExtension\"",
					"-framework",
					"\"Masonry\"",
					"-framework",
					"\"SDWebImage\"",
					"-framework",
					"\"SVProgressHUD\"",
					"-all_load",
				);
				PRODUCT_BUNDLE_IDENTIFIER = demo11111;
				PRODUCT_NAME = "$(TARGET_NAME)";
				PROVISIONING_PROFILE = "";
				SWIFT_OBJC_BRIDGING_HEADER = "ShareSDK-Bridging-Header.h";
				VALID_ARCHS = "arm64 armv7 armv7s";
			};
			name = Release;
		};
		8E75A0A91D14510600C97654 /* Debug */ = {
			isa = XCBuildConfiguration;
			baseConfigurationReference = A9C09A485B8EDEC497BEC032 /* Pods-swift_twoTests.debug.xcconfig */;
			buildSettings = {
				BUNDLE_LOADER = "$(TEST_HOST)";
				FRAMEWORK_SEARCH_PATHS = (
					"$(inherited)",
					"$(PROJECT_DIR)/swift_two/Classes/Others/ShareSDK",
					"$(PROJECT_DIR)/swift_two/Classes/Others/ShareSDK/Support/Optional",
					"$(PROJECT_DIR)/swift_two/Classes/Others/ShareSDK/Support/PlatformSDK/QQSDK",
					"$(PROJECT_DIR)/swift_two/Classes/Others/ShareSDK/Support/PlatformSDK/RenRenSDK",
					"$(PROJECT_DIR)/swift_two/Classes/Others/ShareSDK/Support/Required",
					"$(PROJECT_DIR)/swift_two/Classes/Others/SMS_SDK",
				);
				INFOPLIST_FILE = swift_twoTests/Info.plist;
				LD_RUNPATH_SEARCH_PATHS = "$(inherited) @executable_path/Frameworks @loader_path/Frameworks";
				LIBRARY_SEARCH_PATHS = (
					"$(inherited)",
					"$(PROJECT_DIR)/swift_two/Classes/Others/ShareSDK/Support/PlatformSDK/SinaWeiboSDK",
					"$(PROJECT_DIR)/swift_two/Classes/Others/ShareSDK/Support/PlatformSDK/WeChatSDK",
				);
				PRODUCT_BUNDLE_IDENTIFIER = "ocean.swift-twoTests";
				PRODUCT_NAME = "$(TARGET_NAME)";
				TEST_HOST = "$(BUILT_PRODUCTS_DIR)/swift_two.app/swift_two";
			};
			name = Debug;
		};
		8E75A0AA1D14510600C97654 /* Release */ = {
			isa = XCBuildConfiguration;
			baseConfigurationReference = 6E72770140DB08048E6B3D54 /* Pods-swift_twoTests.release.xcconfig */;
			buildSettings = {
				BUNDLE_LOADER = "$(TEST_HOST)";
				FRAMEWORK_SEARCH_PATHS = (
					"$(inherited)",
					"$(PROJECT_DIR)/swift_two/Classes/Others/ShareSDK",
					"$(PROJECT_DIR)/swift_two/Classes/Others/ShareSDK/Support/Optional",
					"$(PROJECT_DIR)/swift_two/Classes/Others/ShareSDK/Support/PlatformSDK/QQSDK",
					"$(PROJECT_DIR)/swift_two/Classes/Others/ShareSDK/Support/PlatformSDK/RenRenSDK",
					"$(PROJECT_DIR)/swift_two/Classes/Others/ShareSDK/Support/Required",
					"$(PROJECT_DIR)/swift_two/Classes/Others/SMS_SDK",
				);
				INFOPLIST_FILE = swift_twoTests/Info.plist;
				LD_RUNPATH_SEARCH_PATHS = "$(inherited) @executable_path/Frameworks @loader_path/Frameworks";
				LIBRARY_SEARCH_PATHS = (
					"$(inherited)",
					"$(PROJECT_DIR)/swift_two/Classes/Others/ShareSDK/Support/PlatformSDK/SinaWeiboSDK",
					"$(PROJECT_DIR)/swift_two/Classes/Others/ShareSDK/Support/PlatformSDK/WeChatSDK",
				);
				PRODUCT_BUNDLE_IDENTIFIER = "ocean.swift-twoTests";
				PRODUCT_NAME = "$(TARGET_NAME)";
				TEST_HOST = "$(BUILT_PRODUCTS_DIR)/swift_two.app/swift_two";
			};
			name = Release;
		};
		8E75A0AC1D14510600C97654 /* Debug */ = {
			isa = XCBuildConfiguration;
			baseConfigurationReference = 849293A16D6FDC2877C78D5D /* Pods-swift_twoUITests.debug.xcconfig */;
			buildSettings = {
				FRAMEWORK_SEARCH_PATHS = (
					"$(inherited)",
					"$(PROJECT_DIR)/swift_two/Classes/Others/ShareSDK",
					"$(PROJECT_DIR)/swift_two/Classes/Others/ShareSDK/Support/Optional",
					"$(PROJECT_DIR)/swift_two/Classes/Others/ShareSDK/Support/PlatformSDK/QQSDK",
					"$(PROJECT_DIR)/swift_two/Classes/Others/ShareSDK/Support/PlatformSDK/RenRenSDK",
					"$(PROJECT_DIR)/swift_two/Classes/Others/ShareSDK/Support/Required",
					"$(PROJECT_DIR)/swift_two/Classes/Others/SMS_SDK",
				);
				INFOPLIST_FILE = swift_twoUITests/Info.plist;
				LD_RUNPATH_SEARCH_PATHS = "$(inherited) @executable_path/Frameworks @loader_path/Frameworks";
				LIBRARY_SEARCH_PATHS = (
					"$(inherited)",
					"$(PROJECT_DIR)/swift_two/Classes/Others/ShareSDK/Support/PlatformSDK/SinaWeiboSDK",
					"$(PROJECT_DIR)/swift_two/Classes/Others/ShareSDK/Support/PlatformSDK/WeChatSDK",
				);
				PRODUCT_BUNDLE_IDENTIFIER = "ocean.swift-twoUITests";
				PRODUCT_NAME = "$(TARGET_NAME)";
				TEST_TARGET_NAME = swift_two;
				USES_XCTRUNNER = YES;
			};
			name = Debug;
		};
		8E75A0AD1D14510600C97654 /* Release */ = {
			isa = XCBuildConfiguration;
			baseConfigurationReference = 0A1D10CEBC8B411257781F63 /* Pods-swift_twoUITests.release.xcconfig */;
			buildSettings = {
				FRAMEWORK_SEARCH_PATHS = (
					"$(inherited)",
					"$(PROJECT_DIR)/swift_two/Classes/Others/ShareSDK",
					"$(PROJECT_DIR)/swift_two/Classes/Others/ShareSDK/Support/Optional",
					"$(PROJECT_DIR)/swift_two/Classes/Others/ShareSDK/Support/PlatformSDK/QQSDK",
					"$(PROJECT_DIR)/swift_two/Classes/Others/ShareSDK/Support/PlatformSDK/RenRenSDK",
					"$(PROJECT_DIR)/swift_two/Classes/Others/ShareSDK/Support/Required",
					"$(PROJECT_DIR)/swift_two/Classes/Others/SMS_SDK",
				);
				INFOPLIST_FILE = swift_twoUITests/Info.plist;
				LD_RUNPATH_SEARCH_PATHS = "$(inherited) @executable_path/Frameworks @loader_path/Frameworks";
				LIBRARY_SEARCH_PATHS = (
					"$(inherited)",
					"$(PROJECT_DIR)/swift_two/Classes/Others/ShareSDK/Support/PlatformSDK/SinaWeiboSDK",
					"$(PROJECT_DIR)/swift_two/Classes/Others/ShareSDK/Support/PlatformSDK/WeChatSDK",
				);
				PRODUCT_BUNDLE_IDENTIFIER = "ocean.swift-twoUITests";
				PRODUCT_NAME = "$(TARGET_NAME)";
				TEST_TARGET_NAME = swift_two;
				USES_XCTRUNNER = YES;
			};
			name = Release;
		};
/* End XCBuildConfiguration section */

/* Begin XCConfigurationList section */
		8E75A0781D14510600C97654 /* Build configuration list for PBXProject "swift_two" */ = {
			isa = XCConfigurationList;
			buildConfigurations = (
				8E75A0A31D14510600C97654 /* Debug */,
				8E75A0A41D14510600C97654 /* Release */,
			);
			defaultConfigurationIsVisible = 0;
			defaultConfigurationName = Release;
		};
		8E75A0A51D14510600C97654 /* Build configuration list for PBXNativeTarget "swift_two" */ = {
			isa = XCConfigurationList;
			buildConfigurations = (
				8E75A0A61D14510600C97654 /* Debug */,
				8E75A0A71D14510600C97654 /* Release */,
			);
			defaultConfigurationIsVisible = 0;
			defaultConfigurationName = Release;
		};
		8E75A0A81D14510600C97654 /* Build configuration list for PBXNativeTarget "swift_twoTests" */ = {
			isa = XCConfigurationList;
			buildConfigurations = (
				8E75A0A91D14510600C97654 /* Debug */,
				8E75A0AA1D14510600C97654 /* Release */,
			);
			defaultConfigurationIsVisible = 0;
			defaultConfigurationName = Release;
		};
		8E75A0AB1D14510600C97654 /* Build configuration list for PBXNativeTarget "swift_twoUITests" */ = {
			isa = XCConfigurationList;
			buildConfigurations = (
				8E75A0AC1D14510600C97654 /* Debug */,
				8E75A0AD1D14510600C97654 /* Release */,
			);
			defaultConfigurationIsVisible = 0;
			defaultConfigurationName = Release;
		};
/* End XCConfigurationList section */
	};
	rootObject = 8E75A0751D14510600C97654 /* Project object */;
}
